
Microsoft Visual Studio Solution File, Format Version 12.00
# Visual Studio Version 17
VisualStudioVersion = 17.8.34511.84
MinimumVisualStudioVersion = 10.0.40219.1
Project("{FAE04EC0-301F-11D3-BF4B-00C04F79EFBC}") = "PriSistema", "PriSistema.csproj", "{ED68802F-23AE-40B0-A90F-CBD2EF77707B}"
EndProject
Global
	GlobalSection(SolutionConfigurationPlatforms) = preSolution
		Debug|Any CPU = Debug|Any CPU
		Release|Any CPU = Release|Any CPU
	EndGlobalSection
	GlobalSection(ProjectConfigurationPlatforms) = postSolution
		{ED68802F-23AE-40B0-A90F-CBD2EF77707B}.Debug|Any CPU.ActiveCfg = Debug|Any CPU
		{ED68802F-23AE-40B0-A90F-CBD2EF77707B}.Debug|Any CPU.Build.0 = Debug|Any CPU
		{ED68802F-23AE-40B0-A90F-CBD2EF77707B}.Release|Any CPU.ActiveCfg = Release|Any CPU
		{ED68802F-23AE-40B0-A90F-CBD2EF77707B}.Release|Any CPU.Build.0 = Release|Any CPU
	EndGlobalSection
	GlobalSection(SolutionProperties) = preSolution
		HideSolutionNode = FALSE
	EndGlobalSection
	GlobalSection(ExtensibilityGlobals) = postSolution
		SolutionGuid = {1A8B729E-36F9-4F7F-8217-C14B40854AA4}
	EndGlobalSection
EndGlobal
